
Microsoft Visual Studio Solution File, Format Version 12.00
# Visual Studio Version 17
VisualStudioVersion = 17.14.36203.30
MinimumVisualStudioVersion = 10.0.40219.1
Project("{FAE04EC0-301F-11D3-BF4B-00C04F79EFBC}") = "Test", "Test.csproj", "{B53C53A8-A035-43F1-A3E2-C895342C3851}"
EndProject
Project("{FAE04EC0-301F-11D3-BF4B-00C04F79EFBC}") = "BLL", "..\BLL\BLL.csproj", "{E9ED3341-A6FB-405E-B1F5-E4346B98ABCF}"
EndProject
Project("{FAE04EC0-301F-11D3-BF4B-00C04F79EFBC}") = "DAL", "..\DAL\DAL.csproj", "{9D262BA3-7281-4806-9D6F-E62CDE8B7F75}"
EndProject
Project("{FAE04EC0-301F-11D3-BF4B-00C04F79EFBC}") = "ForTest", "..\ForTest\ForTest.csproj", "{F2DCAF0A-F579-4F84-9B30-D197817B87C3}"
EndProject
Global
	GlobalSection(SolutionConfigurationPlatforms) = preSolution
		Debug|Any CPU = Debug|Any CPU
		Release|Any CPU = Release|Any CPU
	EndGlobalSection
	GlobalSection(ProjectConfigurationPlatforms) = postSolution
		{B53C53A8-A035-43F1-A3E2-C895342C3851}.Debug|Any CPU.ActiveCfg = Debug|Any CPU
		{B53C53A8-A035-43F1-A3E2-C895342C3851}.Debug|Any CPU.Build.0 = Debug|Any CPU
		{B53C53A8-A035-43F1-A3E2-C895342C3851}.Release|Any CPU.ActiveCfg = Release|Any CPU
		{B53C53A8-A035-43F1-A3E2-C895342C3851}.Release|Any CPU.Build.0 = Release|Any CPU
		{E9ED3341-A6FB-405E-B1F5-E4346B98ABCF}.Debug|Any CPU.ActiveCfg = Debug|Any CPU
		{E9ED3341-A6FB-405E-B1F5-E4346B98ABCF}.Debug|Any CPU.Build.0 = Debug|Any CPU
		{E9ED3341-A6FB-405E-B1F5-E4346B98ABCF}.Release|Any CPU.ActiveCfg = Release|Any CPU
		{E9ED3341-A6FB-405E-B1F5-E4346B98ABCF}.Release|Any CPU.Build.0 = Release|Any CPU
		{9D262BA3-7281-4806-9D6F-E62CDE8B7F75}.Debug|Any CPU.ActiveCfg = Debug|Any CPU
		{9D262BA3-7281-4806-9D6F-E62CDE8B7F75}.Debug|Any CPU.Build.0 = Debug|Any CPU
		{9D262BA3-7281-4806-9D6F-E62CDE8B7F75}.Release|Any CPU.ActiveCfg = Release|Any CPU
		{9D262BA3-7281-4806-9D6F-E62CDE8B7F75}.Release|Any CPU.Build.0 = Release|Any CPU
		{F2DCAF0A-F579-4F84-9B30-D197817B87C3}.Debug|Any CPU.ActiveCfg = Debug|Any CPU
		{F2DCAF0A-F579-4F84-9B30-D197817B87C3}.Debug|Any CPU.Build.0 = Debug|Any CPU
		{F2DCAF0A-F579-4F84-9B30-D197817B87C3}.Release|Any CPU.ActiveCfg = Release|Any CPU
		{F2DCAF0A-F579-4F84-9B30-D197817B87C3}.Release|Any CPU.Build.0 = Release|Any CPU
	EndGlobalSection
	GlobalSection(SolutionProperties) = preSolution
		HideSolutionNode = FALSE
	EndGlobalSection
	GlobalSection(ExtensibilityGlobals) = postSolution
		SolutionGuid = {DB8166A4-0A21-4F90-A197-C4D5532354F6}
	EndGlobalSection
EndGlobal
